
Microsoft Visual Studio Solution File, Format Version 12.00
# Visual Studio Version 17
VisualStudioVersion = 17.9.34714.143
MinimumVisualStudioVersion = 10.0.40219.1
Project("{9A19103F-16F7-4668-BE54-9A1E7A4F7556}") = "UI.Desktop", "UI.Desktop\UI.Desktop.csproj", "{A17E8A48-7FE2-46C1-AD33-8B84CC3673D6}"
EndProject
Project("{9A19103F-16F7-4668-BE54-9A1E7A4F7556}") = "API", "API\API.csproj", "{B82F73C6-FA72-4569-BF5E-EBEFF7D28791}"
EndProject
Project("{9A19103F-16F7-4668-BE54-9A1E7A4F7556}") = "ClientService", "ClientService\ClientService.csproj", "{ED3D0CD5-09B5-4337-AA26-86B9714A1E07}"
EndProject
Project("{9A19103F-16F7-4668-BE54-9A1E7A4F7556}") = "ApplicationCore", "ApplicationCore\ApplicationCore.csproj", "{C78632B2-CB07-47A9-8331-2727706F343E}"
EndProject
Project("{9A19103F-16F7-4668-BE54-9A1E7A4F7556}") = "UI.Web", "BlazorApp1\UI.Web.csproj", "{0FAB1FFB-2035-47C3-9E3C-79CEE4808E97}"
EndProject
Global
	GlobalSection(SolutionConfigurationPlatforms) = preSolution
		Debug|Any CPU = Debug|Any CPU
		Release|Any CPU = Release|Any CPU
	EndGlobalSection
	GlobalSection(ProjectConfigurationPlatforms) = postSolution
		{A17E8A48-7FE2-46C1-AD33-8B84CC3673D6}.Debug|Any CPU.ActiveCfg = Debug|Any CPU
		{A17E8A48-7FE2-46C1-AD33-8B84CC3673D6}.Debug|Any CPU.Build.0 = Debug|Any CPU
		{A17E8A48-7FE2-46C1-AD33-8B84CC3673D6}.Release|Any CPU.ActiveCfg = Release|Any CPU
		{A17E8A48-7FE2-46C1-AD33-8B84CC3673D6}.Release|Any CPU.Build.0 = Release|Any CPU
		{B82F73C6-FA72-4569-BF5E-EBEFF7D28791}.Debug|Any CPU.ActiveCfg = Debug|Any CPU
		{B82F73C6-FA72-4569-BF5E-EBEFF7D28791}.Debug|Any CPU.Build.0 = Debug|Any CPU
		{B82F73C6-FA72-4569-BF5E-EBEFF7D28791}.Release|Any CPU.ActiveCfg = Release|Any CPU
		{B82F73C6-FA72-4569-BF5E-EBEFF7D28791}.Release|Any CPU.Build.0 = Release|Any CPU
		{ED3D0CD5-09B5-4337-AA26-86B9714A1E07}.Debug|Any CPU.ActiveCfg = Debug|Any CPU
		{ED3D0CD5-09B5-4337-AA26-86B9714A1E07}.Debug|Any CPU.Build.0 = Debug|Any CPU
		{ED3D0CD5-09B5-4337-AA26-86B9714A1E07}.Release|Any CPU.ActiveCfg = Release|Any CPU
		{ED3D0CD5-09B5-4337-AA26-86B9714A1E07}.Release|Any CPU.Build.0 = Release|Any CPU
		{C78632B2-CB07-47A9-8331-2727706F343E}.Debug|Any CPU.ActiveCfg = Debug|Any CPU
		{C78632B2-CB07-47A9-8331-2727706F343E}.Debug|Any CPU.Build.0 = Debug|Any CPU
		{C78632B2-CB07-47A9-8331-2727706F343E}.Release|Any CPU.ActiveCfg = Release|Any CPU
		{C78632B2-CB07-47A9-8331-2727706F343E}.Release|Any CPU.Build.0 = Release|Any CPU
		{0FAB1FFB-2035-47C3-9E3C-79CEE4808E97}.Debug|Any CPU.ActiveCfg = Debug|Any CPU
		{0FAB1FFB-2035-47C3-9E3C-79CEE4808E97}.Debug|Any CPU.Build.0 = Debug|Any CPU
		{0FAB1FFB-2035-47C3-9E3C-79CEE4808E97}.Release|Any CPU.ActiveCfg = Release|Any CPU
		{0FAB1FFB-2035-47C3-9E3C-79CEE4808E97}.Release|Any CPU.Build.0 = Release|Any CPU
	EndGlobalSection
	GlobalSection(SolutionProperties) = preSolution
		HideSolutionNode = FALSE
	EndGlobalSection
	GlobalSection(ExtensibilityGlobals) = postSolution
		SolutionGuid = {B385023E-BDD0-4C2E-B66F-77C8A801B119}
	EndGlobalSection
EndGlobal
