
Microsoft Visual Studio Solution File, Format Version 12.00
# Visual Studio Version 17
VisualStudioVersion = 17.9.34714.143
MinimumVisualStudioVersion = 10.0.40219.1
Project("{9A19103F-16F7-4668-BE54-9A1E7A4F7556}") = "UI.Desktop", "UI.Desktop\UI.Desktop.csproj", "{A17E8A48-7FE2-46C1-AD33-8B84CC3673D6}"
EndProject
Project("{9A19103F-16F7-4668-BE54-9A1E7A4F7556}") = "Entities", "Entidades\Entities.csproj", "{74E18D4F-B5D7-4F74-8B83-5EB5FD1A6765}"
EndProject
Project("{9A19103F-16F7-4668-BE54-9A1E7A4F7556}") = "Business", "Business\Business.csproj", "{8798ACD1-F184-4C62-A66F-C56569A8F042}"
EndProject
Project("{FAE04EC0-301F-11D3-BF4B-00C04F79EFBC}") = "Data", "Data\Data.csproj", "{B304C7D7-5970-45FB-A163-21EE08607DAE}"
EndProject
Global
	GlobalSection(SolutionConfigurationPlatforms) = preSolution
		Debug|Any CPU = Debug|Any CPU
		Release|Any CPU = Release|Any CPU
	EndGlobalSection
	GlobalSection(ProjectConfigurationPlatforms) = postSolution
		{A17E8A48-7FE2-46C1-AD33-8B84CC3673D6}.Debug|Any CPU.ActiveCfg = Debug|Any CPU
		{A17E8A48-7FE2-46C1-AD33-8B84CC3673D6}.Debug|Any CPU.Build.0 = Debug|Any CPU
		{A17E8A48-7FE2-46C1-AD33-8B84CC3673D6}.Release|Any CPU.ActiveCfg = Release|Any CPU
		{A17E8A48-7FE2-46C1-AD33-8B84CC3673D6}.Release|Any CPU.Build.0 = Release|Any CPU
		{74E18D4F-B5D7-4F74-8B83-5EB5FD1A6765}.Debug|Any CPU.ActiveCfg = Debug|Any CPU
		{74E18D4F-B5D7-4F74-8B83-5EB5FD1A6765}.Debug|Any CPU.Build.0 = Debug|Any CPU
		{74E18D4F-B5D7-4F74-8B83-5EB5FD1A6765}.Release|Any CPU.ActiveCfg = Release|Any CPU
		{74E18D4F-B5D7-4F74-8B83-5EB5FD1A6765}.Release|Any CPU.Build.0 = Release|Any CPU
		{8798ACD1-F184-4C62-A66F-C56569A8F042}.Debug|Any CPU.ActiveCfg = Debug|Any CPU
		{8798ACD1-F184-4C62-A66F-C56569A8F042}.Debug|Any CPU.Build.0 = Debug|Any CPU
		{8798ACD1-F184-4C62-A66F-C56569A8F042}.Release|Any CPU.ActiveCfg = Release|Any CPU
		{8798ACD1-F184-4C62-A66F-C56569A8F042}.Release|Any CPU.Build.0 = Release|Any CPU
		{B304C7D7-5970-45FB-A163-21EE08607DAE}.Debug|Any CPU.ActiveCfg = Debug|Any CPU
		{B304C7D7-5970-45FB-A163-21EE08607DAE}.Debug|Any CPU.Build.0 = Debug|Any CPU
		{B304C7D7-5970-45FB-A163-21EE08607DAE}.Release|Any CPU.ActiveCfg = Release|Any CPU
		{B304C7D7-5970-45FB-A163-21EE08607DAE}.Release|Any CPU.Build.0 = Release|Any CPU
	EndGlobalSection
	GlobalSection(SolutionProperties) = preSolution
		HideSolutionNode = FALSE
	EndGlobalSection
	GlobalSection(ExtensibilityGlobals) = postSolution
		SolutionGuid = {B385023E-BDD0-4C2E-B66F-77C8A801B119}
	EndGlobalSection
EndGlobal
